{
  "name": "grpc-node-reflection",
  "version": "1.0.0",
  "lockfileVersion": 2,
  "requires": true,
  "packages": {
    "": {
      "name": "grpc-node-reflection",
      "version": "1.0.0",
      "license": "MIT",
      "dependencies": {
        "@bufbuild/buf": "^1.15.0-1",
        "@bufbuild/connect": "^0.8.6",
        "@bufbuild/connect-node": "^0.8.6",
        "@bufbuild/protobuf": "^1.2.0",
        "@bufbuild/protoc-gen-connect-es": "^0.8.6",
        "@bufbuild/protoc-gen-es": "^1.2.0",
        "tsx": "^3.12.6",
        "typescript": "^5.0.4"
      },
      "devDependencies": {
        "@types/node": "^18.16.0"
      }
    },
    "node_modules/@bufbuild/buf": {
      "version": "1.15.0-1",
      "resolved": "https://registry.npmjs.org/@bufbuild/buf/-/buf-1.15.0-1.tgz",
      "integrity": "sha512-j+mkNd9kM+2b9JacmZNBxTkbOXtLUltzv0inWBYRqd4dJ+EwAR/CDfK6OXvia94aJsKWy8YKSgLu19VlTYSh1Q==",
      "hasInstallScript": true,
      "bin": {
        "buf": "bin/buf",
        "protoc-gen-buf-breaking": "bin/protoc-gen-buf-breaking",
        "protoc-gen-buf-lint": "bin/protoc-gen-buf-lint"
      },
      "engines": {
        "node": ">=12"
      },
      "optionalDependencies": {
        "@bufbuild/buf-darwin-arm64": "1.15.0-1",
        "@bufbuild/buf-darwin-x64": "1.15.0-1",
        "@bufbuild/buf-linux-aarch64": "1.15.0-1",
        "@bufbuild/buf-linux-x64": "1.15.0-1",
        "@bufbuild/buf-win32-arm64": "1.15.0-1",
        "@bufbuild/buf-win32-x64": "1.15.0-1"
      }
    },
    "node_modules/@bufbuild/buf-darwin-arm64": {
      "version": "1.15.0-1",
      "resolved": "https://registry.npmjs.org/@bufbuild/buf-darwin-arm64/-/buf-darwin-arm64-1.15.0-1.tgz",
      "integrity": "sha512-KV3rvScwjMCcj0DSkmx6Ejk8YF7LtnqA3jSokeYbGaLLfSvPXu4q9d0I2pq+jaYIA8RfbMerAqzR8MccdY4Vqw==",
      "cpu": [
        "arm64"
      ],
      "optional": true,
      "os": [
        "darwin"
      ],
      "engines": {
        "node": ">=12"
      }
    },
    "node_modules/@bufbuild/buf-darwin-x64": {
      "version": "1.15.0-1",
      "resolved": "https://registry.npmjs.org/@bufbuild/buf-darwin-x64/-/buf-darwin-x64-1.15.0-1.tgz",
      "integrity": "sha512-hSEK9TIGmTA58PhUsvcuhF9LcmZ3mZedPgWT8cAeGZYcNJd1mkUEzsWsqnYYGZRe1QvOPZW1BsPIayWFBrlBMQ==",
      "cpu": [
        "x64"
      ],
      "optional": true,
      "os": [
        "darwin"
      ],
      "engines": {
        "node": ">=12"
      }
    },
    "node_modules/@bufbuild/buf-linux-aarch64": {
      "version": "1.15.0-1",
      "resolved": "https://registry.npmjs.org/@bufbuild/buf-linux-aarch64/-/buf-linux-aarch64-1.15.0-1.tgz",
      "integrity": "sha512-Ppa5mNy3z5cmTPo18Sc5xUIPfRBpa/Bc9VyqtUqwMJGtTQ1fC+JJ9LFUL8UxXcvdVRcErxXNyd6oGEZzOoLFFQ==",
      "cpu": [
        "arm64"
      ],
      "optional": true,
      "os": [
        "linux"
      ],
      "engines": {
        "node": ">=12"
      }
    },
    "node_modules/@bufbuild/buf-linux-x64": {
      "version": "1.15.0-1",
      "resolved": "https://registry.npmjs.org/@bufbuild/buf-linux-x64/-/buf-linux-x64-1.15.0-1.tgz",
      "integrity": "sha512-6QtcPOf6D3cXGAhMIhCkOlveLc19nXFCteUktuK73Ls8XDOLuhef4cEfb/Gh7RQCq6IyfFyzoEzb0cWybXnBbQ==",
      "cpu": [
        "x64"
      ],
      "optional": true,
      "os": [
        "linux"
      ],
      "engines": {
        "node": ">=12"
      }
    },
    "node_modules/@bufbuild/buf-win32-arm64": {
      "version": "1.15.0-1",
      "resolved": "https://registry.npmjs.org/@bufbuild/buf-win32-arm64/-/buf-win32-arm64-1.15.0-1.tgz",
      "integrity": "sha512-h356aHM1BvHKjxrs9GjeuDxljqJDNtv8NhzssR3kD4ZkRjZYpMhc8YzpnodY3W520W9/6Q7k7CuVd2vhib1Fyg==",
      "cpu": [
        "arm64"
      ],
      "optional": true,
      "os": [
        "win32"
      ],
      "engines": {
        "node": ">=12"
      }
    },
    "node_modules/@bufbuild/buf-win32-x64": {
      "version": "1.15.0-1",
      "resolved": "https://registry.npmjs.org/@bufbuild/buf-win32-x64/-/buf-win32-x64-1.15.0-1.tgz",
      "integrity": "sha512-dc1dBFDTNF/3ulr7rejsX/lBb2eqAPZtHI3w6YUQaXTkhmQtNOe45QkaOYnj4UFj6sBVI53WeAisNf3Wg+SUFQ==",
      "cpu": [
        "x64"
      ],
      "optional": true,
      "os": [
        "win32"
      ],
      "engines": {
        "node": ">=12"
      }
    },
    "node_modules/@bufbuild/connect": {
      "version": "0.8.6",
      "resolved": "https://registry.npmjs.org/@bufbuild/connect/-/connect-0.8.6.tgz",
      "integrity": "sha512-z9gW4hcQxCz7w0kjt1JyMp7VEQQdm7CYiZHvNq4vZtMbKOje2DC8kSb62XStHHd3AdoDZq1cb1s11F5TMSwZYw==",
      "peerDependencies": {
        "@bufbuild/protobuf": "^1.2.0"
      }
    },
    "node_modules/@bufbuild/connect-node": {
      "version": "0.8.6",
      "resolved": "https://registry.npmjs.org/@bufbuild/connect-node/-/connect-node-0.8.6.tgz",
      "integrity": "sha512-KqdLnQG5cTw4rieQdo6aioojY47UjwauhIcDIeQc+6GaeGLsT7Ftc+GWMZgsnEc/Jl5V1/NxBYnE2wN4EJUnGg==",
      "dependencies": {
        "@bufbuild/connect": "0.8.6",
        "headers-polyfill": "^3.1.2"
      },
      "engines": {
        "node": ">=16.0.0"
      },
      "peerDependencies": {
        "@bufbuild/protobuf": "^1.2.0"
      }
    },
    "node_modules/@bufbuild/protobuf": {
      "version": "1.2.0",
      "resolved": "https://registry.npmjs.org/@bufbuild/protobuf/-/protobuf-1.2.0.tgz",
      "integrity": "sha512-MBVuQMOBHxgGnZ9XCUIi8WOy5O/T4ma3TduCRhRvndv3UDbG9cHgd8h6nOYSGyBYPEvXf1z9nTwhp8mVIDbq2g=="
    },
    "node_modules/@bufbuild/protoc-gen-connect-es": {
      "version": "0.8.6",
      "resolved": "https://registry.npmjs.org/@bufbuild/protoc-gen-connect-es/-/protoc-gen-connect-es-0.8.6.tgz",
      "integrity": "sha512-AO4ixGlihKBWZvE9e/ZBBKmCeJGHK8FIMVBvwsr9NxTTvlTZN5oUk8mcR59DOE0YTHVpjgdtcz347HNmVvV6hQ==",
      "dependencies": {
        "@bufbuild/protobuf": "^1.2.0",
        "@bufbuild/protoplugin": "^1.2.0"
      },
      "bin": {
        "protoc-gen-connect-es": "bin/protoc-gen-connect-es"
      },
      "engines": {
        "node": ">=14"
      },
      "peerDependencies": {
        "@bufbuild/connect": "0.8.6",
        "@bufbuild/protoc-gen-es": "^1.2.0"
      },
      "peerDependenciesMeta": {
        "@bufbuild/connect": {
          "optional": true
        },
        "@bufbuild/protoc-gen-es": {
          "optional": true
        }
      }
    },
    "node_modules/@bufbuild/protoc-gen-es": {
      "version": "1.2.0",
      "resolved": "https://registry.npmjs.org/@bufbuild/protoc-gen-es/-/protoc-gen-es-1.2.0.tgz",
      "integrity": "sha512-rdg2+Co4H+cImZ81EEzHLEi9bmzmMnS/bsf7XLHKtWYskj1PZVIalfquQejcSV6eWbdmVGKa29JwI5zEkSmkCQ==",
      "dependencies": {
        "@bufbuild/protoplugin": "1.2.0"
      },
      "bin": {
        "protoc-gen-es": "bin/protoc-gen-es"
      },
      "engines": {
        "node": ">=14"
      },
      "peerDependencies": {
        "@bufbuild/protobuf": "1.2.0"
      },
      "peerDependenciesMeta": {
        "@bufbuild/protobuf": {
          "optional": true
        }
      }
    },
    "node_modules/@bufbuild/protoplugin": {
      "version": "1.2.0",
      "resolved": "https://registry.npmjs.org/@bufbuild/protoplugin/-/protoplugin-1.2.0.tgz",
      "integrity": "sha512-TX0mEk+LdIbpK2xr5RqeUswR8jGZs6uCX6Cq8azADj8hhiUr7Xty8agEOU/zR+J71D4dV5SnyEPYyw0nGJ6dGQ==",
      "dependencies": {
        "@bufbuild/protobuf": "1.2.0",
        "@typescript/vfs": "^1.4.0",
        "typescript": "4.5.2"
      }
    },
    "node_modules/@bufbuild/protoplugin/node_modules/typescript": {
      "version": "4.5.2",
      "resolved": "https://registry.npmjs.org/typescript/-/typescript-4.5.2.tgz",
      "integrity": "sha512-5BlMof9H1yGt0P8/WF+wPNw6GfctgGjXp5hkblpyT+8rkASSmkUKMXrxR0Xg8ThVCi/JnHQiKXeBaEwCeQwMFw==",
      "bin": {
        "tsc": "bin/tsc",
        "tsserver": "bin/tsserver"
      },
      "engines": {
        "node": ">=4.2.0"
      }
    },
    "node_modules/@esbuild-kit/cjs-loader": {
      "version": "2.4.2",
      "resolved": "https://registry.npmjs.org/@esbuild-kit/cjs-loader/-/cjs-loader-2.4.2.tgz",
      "integrity": "sha512-BDXFbYOJzT/NBEtp71cvsrGPwGAMGRB/349rwKuoxNSiKjPraNNnlK6MIIabViCjqZugu6j+xeMDlEkWdHHJSg==",
      "dependencies": {
        "@esbuild-kit/core-utils": "^3.0.0",
        "get-tsconfig": "^4.4.0"
      }
    },
    "node_modules/@esbuild-kit/core-utils": {
      "version": "3.1.0",
      "resolved": "https://registry.npmjs.org/@esbuild-kit/core-utils/-/core-utils-3.1.0.tgz",
      "integrity": "sha512-Uuk8RpCg/7fdHSceR1M6XbSZFSuMrxcePFuGgyvsBn+u339dk5OeL4jv2EojwTN2st/unJGsVm4qHWjWNmJ/tw==",
      "dependencies": {
        "esbuild": "~0.17.6",
        "source-map-support": "^0.5.21"
      }
    },
    "node_modules/@esbuild-kit/esm-loader": {
      "version": "2.5.5",
      "resolved": "https://registry.npmjs.org/@esbuild-kit/esm-loader/-/esm-loader-2.5.5.tgz",
      "integrity": "sha512-Qwfvj/qoPbClxCRNuac1Du01r9gvNOT+pMYtJDapfB1eoGN1YlJ1BixLyL9WVENRx5RXgNLdfYdx/CuswlGhMw==",
      "dependencies": {
        "@esbuild-kit/core-utils": "^3.0.0",
        "get-tsconfig": "^4.4.0"
      }
    },
    "node_modules/@esbuild/android-arm": {
      "version": "0.17.18",
      "resolved": "https://registry.npmjs.org/@esbuild/android-arm/-/android-arm-0.17.18.tgz",
      "integrity": "sha512-EmwL+vUBZJ7mhFCs5lA4ZimpUH3WMAoqvOIYhVQwdIgSpHC8ImHdsRyhHAVxpDYUSm0lWvd63z0XH1IlImS2Qw==",
      "cpu": [
        "arm"
      ],
      "optional": true,
      "os": [
        "android"
      ],
      "engines": {
        "node": ">=12"
      }
    },
    "node_modules/@esbuild/android-arm64": {
      "version": "0.17.18",
      "resolved": "https://registry.npmjs.org/@esbuild/android-arm64/-/android-arm64-0.17.18.tgz",
      "integrity": "sha512-/iq0aK0eeHgSC3z55ucMAHO05OIqmQehiGay8eP5l/5l+iEr4EIbh4/MI8xD9qRFjqzgkc0JkX0LculNC9mXBw==",
      "cpu": [
        "arm64"
      ],
      "optional": true,
      "os": [
        "android"
      ],
      "engines": {
        "node": ">=12"
      }
    },
    "node_modules/@esbuild/android-x64": {
      "version": "0.17.18",
      "resolved": "https://registry.npmjs.org/@esbuild/android-x64/-/android-x64-0.17.18.tgz",
      "integrity": "sha512-x+0efYNBF3NPW2Xc5bFOSFW7tTXdAcpfEg2nXmxegm4mJuVeS+i109m/7HMiOQ6M12aVGGFlqJX3RhNdYM2lWg==",
      "cpu": [
        "x64"
      ],
      "optional": true,
      "os": [
        "android"
      ],
      "engines": {
        "node": ">=12"
      }
    },
    "node_modules/@esbuild/darwin-arm64": {
      "version": "0.17.18",
      "resolved": "https://registry.npmjs.org/@esbuild/darwin-arm64/-/darwin-arm64-0.17.18.tgz",
      "integrity": "sha512-6tY+djEAdF48M1ONWnQb1C+6LiXrKjmqjzPNPWXhu/GzOHTHX2nh8Mo2ZAmBFg0kIodHhciEgUBtcYCAIjGbjQ==",
      "cpu": [
        "arm64"
      ],
      "optional": true,
      "os": [
        "darwin"
      ],
      "engines": {
        "node": ">=12"
      }
    },
    "node_modules/@esbuild/darwin-x64": {
      "version": "0.17.18",
      "resolved": "https://registry.npmjs.org/@esbuild/darwin-x64/-/darwin-x64-0.17.18.tgz",
      "integrity": "sha512-Qq84ykvLvya3dO49wVC9FFCNUfSrQJLbxhoQk/TE1r6MjHo3sFF2tlJCwMjhkBVq3/ahUisj7+EpRSz0/+8+9A==",
      "cpu": [
        "x64"
      ],
      "optional": true,
      "os": [
        "darwin"
      ],
      "engines": {
        "node": ">=12"
      }
    },
    "node_modules/@esbuild/freebsd-arm64": {
      "version": "0.17.18",
      "resolved": "https://registry.npmjs.org/@esbuild/freebsd-arm64/-/freebsd-arm64-0.17.18.tgz",
      "integrity": "sha512-fw/ZfxfAzuHfaQeMDhbzxp9mc+mHn1Y94VDHFHjGvt2Uxl10mT4CDavHm+/L9KG441t1QdABqkVYwakMUeyLRA==",
      "cpu": [
        "arm64"
      ],
      "optional": true,
      "os": [
        "freebsd"
      ],
      "engines": {
        "node": ">=12"
      }
    },
    "node_modules/@esbuild/freebsd-x64": {
      "version": "0.17.18",
      "resolved": "https://registry.npmjs.org/@esbuild/freebsd-x64/-/freebsd-x64-0.17.18.tgz",
      "integrity": "sha512-FQFbRtTaEi8ZBi/A6kxOC0V0E9B/97vPdYjY9NdawyLd4Qk5VD5g2pbWN2VR1c0xhzcJm74HWpObPszWC+qTew==",
      "cpu": [
        "x64"
      ],
      "optional": true,
      "os": [
        "freebsd"
      ],
      "engines": {
        "node": ">=12"
      }
    },
    "node_modules/@esbuild/linux-arm": {
      "version": "0.17.18",
      "resolved": "https://registry.npmjs.org/@esbuild/linux-arm/-/linux-arm-0.17.18.tgz",
      "integrity": "sha512-jW+UCM40LzHcouIaqv3e/oRs0JM76JfhHjCavPxMUti7VAPh8CaGSlS7cmyrdpzSk7A+8f0hiedHqr/LMnfijg==",
      "cpu": [
        "arm"
      ],
      "optional": true,
      "os": [
        "linux"
      ],
      "engines": {
        "node": ">=12"
      }
    },
    "node_modules/@esbuild/linux-arm64": {
      "version": "0.17.18",
      "resolved": "https://registry.npmjs.org/@esbuild/linux-arm64/-/linux-arm64-0.17.18.tgz",
      "integrity": "sha512-R7pZvQZFOY2sxUG8P6A21eq6q+eBv7JPQYIybHVf1XkQYC+lT7nDBdC7wWKTrbvMXKRaGudp/dzZCwL/863mZQ==",
      "cpu": [
        "arm64"
      ],
      "optional": true,
      "os": [
        "linux"
      ],
      "engines": {
        "node": ">=12"
      }
    },
    "node_modules/@esbuild/linux-ia32": {
      "version": "0.17.18",
      "resolved": "https://registry.npmjs.org/@esbuild/linux-ia32/-/linux-ia32-0.17.18.tgz",
      "integrity": "sha512-ygIMc3I7wxgXIxk6j3V00VlABIjq260i967Cp9BNAk5pOOpIXmd1RFQJQX9Io7KRsthDrQYrtcx7QCof4o3ZoQ==",
      "cpu": [
        "ia32"
      ],
      "optional": true,
      "os": [
        "linux"
      ],
      "engines": {
        "node": ">=12"
      }
    },
    "node_modules/@esbuild/linux-loong64": {
      "version": "0.17.18",
      "resolved": "https://registry.npmjs.org/@esbuild/linux-loong64/-/linux-loong64-0.17.18.tgz",
      "integrity": "sha512-bvPG+MyFs5ZlwYclCG1D744oHk1Pv7j8psF5TfYx7otCVmcJsEXgFEhQkbhNW8otDHL1a2KDINW20cfCgnzgMQ==",
      "cpu": [
        "loong64"
      ],
      "optional": true,
      "os": [
        "linux"
      ],
      "engines": {
        "node": ">=12"
      }
    },
    "node_modules/@esbuild/linux-mips64el": {
      "version": "0.17.18",
      "resolved": "https://registry.npmjs.org/@esbuild/linux-mips64el/-/linux-mips64el-0.17.18.tgz",
      "integrity": "sha512-oVqckATOAGuiUOa6wr8TXaVPSa+6IwVJrGidmNZS1cZVx0HqkTMkqFGD2HIx9H1RvOwFeWYdaYbdY6B89KUMxA==",
      "cpu": [
        "mips64el"
      ],
      "optional": true,
      "os": [
        "linux"
      ],
      "engines": {
        "node": ">=12"
      }
    },
    "node_modules/@esbuild/linux-ppc64": {
      "version": "0.17.18",
      "resolved": "https://registry.npmjs.org/@esbuild/linux-ppc64/-/linux-ppc64-0.17.18.tgz",
      "integrity": "sha512-3dLlQO+b/LnQNxgH4l9rqa2/IwRJVN9u/bK63FhOPB4xqiRqlQAU0qDU3JJuf0BmaH0yytTBdoSBHrb2jqc5qQ==",
      "cpu": [
        "ppc64"
      ],
      "optional": true,
      "os": [
        "linux"
      ],
      "engines": {
        "node": ">=12"
      }
    },
    "node_modules/@esbuild/linux-riscv64": {
      "version": "0.17.18",
      "resolved": "https://registry.npmjs.org/@esbuild/linux-riscv64/-/linux-riscv64-0.17.18.tgz",
      "integrity": "sha512-/x7leOyDPjZV3TcsdfrSI107zItVnsX1q2nho7hbbQoKnmoeUWjs+08rKKt4AUXju7+3aRZSsKrJtaRmsdL1xA==",
      "cpu": [
        "riscv64"
      ],
      "optional": true,
      "os": [
        "linux"
      ],
      "engines": {
        "node": ">=12"
      }
    },
    "node_modules/@esbuild/linux-s390x": {
      "version": "0.17.18",
      "resolved": "https://registry.npmjs.org/@esbuild/linux-s390x/-/linux-s390x-0.17.18.tgz",
      "integrity": "sha512-cX0I8Q9xQkL/6F5zWdYmVf5JSQt+ZfZD2bJudZrWD+4mnUvoZ3TDDXtDX2mUaq6upMFv9FlfIh4Gfun0tbGzuw==",
      "cpu": [
        "s390x"
      ],
      "optional": true,
      "os": [
        "linux"
      ],
      "engines": {
        "node": ">=12"
      }
    },
    "node_modules/@esbuild/linux-x64": {
      "version": "0.17.18",
      "resolved": "https://registry.npmjs.org/@esbuild/linux-x64/-/linux-x64-0.17.18.tgz",
      "integrity": "sha512-66RmRsPlYy4jFl0vG80GcNRdirx4nVWAzJmXkevgphP1qf4dsLQCpSKGM3DUQCojwU1hnepI63gNZdrr02wHUA==",
      "cpu": [
        "x64"
      ],
      "optional": true,
      "os": [
        "linux"
      ],
      "engines": {
        "node": ">=12"
      }
    },
    "node_modules/@esbuild/netbsd-x64": {
      "version": "0.17.18",
      "resolved": "https://registry.npmjs.org/@esbuild/netbsd-x64/-/netbsd-x64-0.17.18.tgz",
      "integrity": "sha512-95IRY7mI2yrkLlTLb1gpDxdC5WLC5mZDi+kA9dmM5XAGxCME0F8i4bYH4jZreaJ6lIZ0B8hTrweqG1fUyW7jbg==",
      "cpu": [
        "x64"
      ],
      "optional": true,
      "os": [
        "netbsd"
      ],
      "engines": {
        "node": ">=12"
      }
    },
    "node_modules/@esbuild/openbsd-x64": {
      "version": "0.17.18",
      "resolved": "https://registry.npmjs.org/@esbuild/openbsd-x64/-/openbsd-x64-0.17.18.tgz",
      "integrity": "sha512-WevVOgcng+8hSZ4Q3BKL3n1xTv5H6Nb53cBrtzzEjDbbnOmucEVcZeGCsCOi9bAOcDYEeBZbD2SJNBxlfP3qiA==",
      "cpu": [
        "x64"
      ],
      "optional": true,
      "os": [
        "openbsd"
      ],
      "engines": {
        "node": ">=12"
      }
    },
    "node_modules/@esbuild/sunos-x64": {
      "version": "0.17.18",
      "resolved": "https://registry.npmjs.org/@esbuild/sunos-x64/-/sunos-x64-0.17.18.tgz",
      "integrity": "sha512-Rzf4QfQagnwhQXVBS3BYUlxmEbcV7MY+BH5vfDZekU5eYpcffHSyjU8T0xucKVuOcdCsMo+Ur5wmgQJH2GfNrg==",
      "cpu": [
        "x64"
      ],
      "optional": true,
      "os": [
        "sunos"
      ],
      "engines": {
        "node": ">=12"
      }
    },
    "node_modules/@esbuild/win32-arm64": {
      "version": "0.17.18",
      "resolved": "https://registry.npmjs.org/@esbuild/win32-arm64/-/win32-arm64-0.17.18.tgz",
      "integrity": "sha512-Kb3Ko/KKaWhjeAm2YoT/cNZaHaD1Yk/pa3FTsmqo9uFh1D1Rfco7BBLIPdDOozrObj2sahslFuAQGvWbgWldAg==",
      "cpu": [
        "arm64"
      ],
      "optional": true,
      "os": [
        "win32"
      ],
      "engines": {
        "node": ">=12"
      }
    },
    "node_modules/@esbuild/win32-ia32": {
      "version": "0.17.18",
      "resolved": "https://registry.npmjs.org/@esbuild/win32-ia32/-/win32-ia32-0.17.18.tgz",
      "integrity": "sha512-0/xUMIdkVHwkvxfbd5+lfG7mHOf2FRrxNbPiKWg9C4fFrB8H0guClmaM3BFiRUYrznVoyxTIyC/Ou2B7QQSwmw==",
      "cpu": [
        "ia32"
      ],
      "optional": true,
      "os": [
        "win32"
      ],
      "engines": {
        "node": ">=12"
      }
    },
    "node_modules/@esbuild/win32-x64": {
      "version": "0.17.18",
      "resolved": "https://registry.npmjs.org/@esbuild/win32-x64/-/win32-x64-0.17.18.tgz",
      "integrity": "sha512-qU25Ma1I3NqTSHJUOKi9sAH1/Mzuvlke0ioMJRthLXKm7JiSKVwFghlGbDLOO2sARECGhja4xYfRAZNPAkooYg==",
      "cpu": [
        "x64"
      ],
      "optional": true,
      "os": [
        "win32"
      ],
      "engines": {
        "node": ">=12"
      }
    },
    "node_modules/@types/node": {
      "version": "18.16.0",
      "resolved": "https://registry.npmjs.org/@types/node/-/node-18.16.0.tgz",
      "integrity": "sha512-BsAaKhB+7X+H4GnSjGhJG9Qi8Tw+inU9nJDwmD5CgOmBLEI6ArdhikpLX7DjbjDRDTbqZzU2LSQNZg8WGPiSZQ==",
      "dev": true
    },
    "node_modules/@typescript/vfs": {
      "version": "1.4.0",
      "resolved": "https://registry.npmjs.org/@typescript/vfs/-/vfs-1.4.0.tgz",
      "integrity": "sha512-Pood7yv5YWMIX+yCHo176OnF8WUlKGImFG7XlsuH14Zb1YN5+dYD3uUtS7lqZtsH7tAveNUi2NzdpQCN0yRbaw==",
      "dependencies": {
        "debug": "^4.1.1"
      }
    },
    "node_modules/buffer-from": {
      "version": "1.1.2",
      "resolved": "https://registry.npmjs.org/buffer-from/-/buffer-from-1.1.2.tgz",
      "integrity": "sha512-E+XQCRwSbaaiChtv6k6Dwgc+bx+Bs6vuKJHHl5kox/BaKbhiXzqQOwK4cO22yElGp2OCmjwVhT3HmxgyPGnJfQ=="
    },
    "node_modules/debug": {
      "version": "4.3.4",
      "resolved": "https://registry.npmjs.org/debug/-/debug-4.3.4.tgz",
      "integrity": "sha512-PRWFHuSU3eDtQJPvnNY7Jcket1j0t5OuOsFzPPzsekD52Zl8qUfFIPEiswXqIvHWGVHOgX+7G/vCNNhehwxfkQ==",
      "dependencies": {
        "ms": "2.1.2"
      },
      "engines": {
        "node": ">=6.0"
      },
      "peerDependenciesMeta": {
        "supports-color": {
          "optional": true
        }
      }
    },
    "node_modules/esbuild": {
      "version": "0.17.18",
      "resolved": "https://registry.npmjs.org/esbuild/-/esbuild-0.17.18.tgz",
      "integrity": "sha512-z1lix43jBs6UKjcZVKOw2xx69ffE2aG0PygLL5qJ9OS/gy0Ewd1gW/PUQIOIQGXBHWNywSc0floSKoMFF8aK2w==",
      "hasInstallScript": true,
      "bin": {
        "esbuild": "bin/esbuild"
      },
      "engines": {
        "node": ">=12"
      },
      "optionalDependencies": {
        "@esbuild/android-arm": "0.17.18",
        "@esbuild/android-arm64": "0.17.18",
        "@esbuild/android-x64": "0.17.18",
        "@esbuild/darwin-arm64": "0.17.18",
        "@esbuild/darwin-x64": "0.17.18",
        "@esbuild/freebsd-arm64": "0.17.18",
        "@esbuild/freebsd-x64": "0.17.18",
        "@esbuild/linux-arm": "0.17.18",
        "@esbuild/linux-arm64": "0.17.18",
        "@esbuild/linux-ia32": "0.17.18",
        "@esbuild/linux-loong64": "0.17.18",
        "@esbuild/linux-mips64el": "0.17.18",
        "@esbuild/linux-ppc64": "0.17.18",
        "@esbuild/linux-riscv64": "0.17.18",
        "@esbuild/linux-s390x": "0.17.18",
        "@esbuild/linux-x64": "0.17.18",
        "@esbuild/netbsd-x64": "0.17.18",
        "@esbuild/openbsd-x64": "0.17.18",
        "@esbuild/sunos-x64": "0.17.18",
        "@esbuild/win32-arm64": "0.17.18",
        "@esbuild/win32-ia32": "0.17.18",
        "@esbuild/win32-x64": "0.17.18"
      }
    },
    "node_modules/fsevents": {
      "version": "2.3.2",
      "resolved": "https://registry.npmjs.org/fsevents/-/fsevents-2.3.2.tgz",
      "integrity": "sha512-xiqMQR4xAeHTuB9uWm+fFRcIOgKBMiOBP+eXiyT7jsgVCq1bkVygt00oASowB7EdtpOHaaPgKt812P9ab+DDKA==",
      "hasInstallScript": true,
      "optional": true,
      "os": [
        "darwin"
      ],
      "engines": {
        "node": "^8.16.0 || ^10.6.0 || >=11.0.0"
      }
    },
    "node_modules/get-tsconfig": {
      "version": "4.5.0",
      "resolved": "https://registry.npmjs.org/get-tsconfig/-/get-tsconfig-4.5.0.tgz",
      "integrity": "sha512-MjhiaIWCJ1sAU4pIQ5i5OfOuHHxVo1oYeNsWTON7jxYkod8pHocXeh+SSbmu5OZZZK73B6cbJ2XADzXehLyovQ==",
      "funding": {
        "url": "https://github.com/privatenumber/get-tsconfig?sponsor=1"
      }
    },
    "node_modules/headers-polyfill": {
      "version": "3.1.2",
      "resolved": "https://registry.npmjs.org/headers-polyfill/-/headers-polyfill-3.1.2.tgz",
      "integrity": "sha512-tWCK4biJ6hcLqTviLXVR9DTRfYGQMXEIUj3gwJ2rZ5wO/at3XtkI4g8mCvFdUF9l1KMBNCfmNAdnahm1cgavQA=="
    },
    "node_modules/ms": {
      "version": "2.1.2",
      "resolved": "https://registry.npmjs.org/ms/-/ms-2.1.2.tgz",
      "integrity": "sha512-sGkPx+VjMtmA6MX27oA4FBFELFCZZ4S4XqeGOXCv68tT+jb3vk/RyaKWP0PTKyWtmLSM0b+adUTEvbs1PEaH2w=="
    },
    "node_modules/source-map": {
      "version": "0.6.1",
      "resolved": "https://registry.npmjs.org/source-map/-/source-map-0.6.1.tgz",
      "integrity": "sha512-UjgapumWlbMhkBgzT7Ykc5YXUT46F0iKu8SGXq0bcwP5dz/h0Plj6enJqjz1Zbq2l5WaqYnrVbwWOWMyF3F47g==",
      "engines": {
        "node": ">=0.10.0"
      }
    },
    "node_modules/source-map-support": {
      "version": "0.5.21",
      "resolved": "https://registry.npmjs.org/source-map-support/-/source-map-support-0.5.21.tgz",
      "integrity": "sha512-uBHU3L3czsIyYXKX88fdrGovxdSCoTGDRZ6SYXtSRxLZUzHg5P/66Ht6uoUlHu9EZod+inXhKo3qQgwXUT/y1w==",
      "dependencies": {
        "buffer-from": "^1.0.0",
        "source-map": "^0.6.0"
      }
    },
    "node_modules/tsx": {
      "version": "3.12.6",
      "resolved": "https://registry.npmjs.org/tsx/-/tsx-3.12.6.tgz",
      "integrity": "sha512-q93WgS3lBdHlPgS0h1i+87Pt6n9K/qULIMNYZo07nSeu2z5QE2CellcAZfofVXBo2tQg9av2ZcRMQ2S2i5oadQ==",
      "dependencies": {
        "@esbuild-kit/cjs-loader": "^2.4.2",
        "@esbuild-kit/core-utils": "^3.0.0",
        "@esbuild-kit/esm-loader": "^2.5.5"
      },
      "bin": {
        "tsx": "dist/cli.js"
      },
      "optionalDependencies": {
        "fsevents": "~2.3.2"
      }
    },
    "node_modules/typescript": {
      "version": "5.0.4",
      "resolved": "https://registry.npmjs.org/typescript/-/typescript-5.0.4.tgz",
      "integrity": "sha512-cW9T5W9xY37cc+jfEnaUvX91foxtHkza3Nw3wkoF4sSlKn0MONdkdEndig/qPBWXNkmplh3NzayQzCiHM4/hqw==",
      "bin": {
        "tsc": "bin/tsc",
        "tsserver": "bin/tsserver"
      },
      "engines": {
        "node": ">=12.20"
      }
    }
  },
  "dependencies": {
    "@bufbuild/buf": {
      "version": "1.15.0-1",
      "resolved": "https://registry.npmjs.org/@bufbuild/buf/-/buf-1.15.0-1.tgz",
      "integrity": "sha512-j+mkNd9kM+2b9JacmZNBxTkbOXtLUltzv0inWBYRqd4dJ+EwAR/CDfK6OXvia94aJsKWy8YKSgLu19VlTYSh1Q==",
      "requires": {
        "@bufbuild/buf-darwin-arm64": "1.15.0-1",
        "@bufbuild/buf-darwin-x64": "1.15.0-1",
        "@bufbuild/buf-linux-aarch64": "1.15.0-1",
        "@bufbuild/buf-linux-x64": "1.15.0-1",
        "@bufbuild/buf-win32-arm64": "1.15.0-1",
        "@bufbuild/buf-win32-x64": "1.15.0-1"
      }
    },
    "@bufbuild/buf-darwin-arm64": {
      "version": "1.15.0-1",
      "resolved": "https://registry.npmjs.org/@bufbuild/buf-darwin-arm64/-/buf-darwin-arm64-1.15.0-1.tgz",
      "integrity": "sha512-KV3rvScwjMCcj0DSkmx6Ejk8YF7LtnqA3jSokeYbGaLLfSvPXu4q9d0I2pq+jaYIA8RfbMerAqzR8MccdY4Vqw==",
      "optional": true
    },
    "@bufbuild/buf-darwin-x64": {
      "version": "1.15.0-1",
      "resolved": "https://registry.npmjs.org/@bufbuild/buf-darwin-x64/-/buf-darwin-x64-1.15.0-1.tgz",
      "integrity": "sha512-hSEK9TIGmTA58PhUsvcuhF9LcmZ3mZedPgWT8cAeGZYcNJd1mkUEzsWsqnYYGZRe1QvOPZW1BsPIayWFBrlBMQ==",
      "optional": true
    },
    "@bufbuild/buf-linux-aarch64": {
      "version": "1.15.0-1",
      "resolved": "https://registry.npmjs.org/@bufbuild/buf-linux-aarch64/-/buf-linux-aarch64-1.15.0-1.tgz",
      "integrity": "sha512-Ppa5mNy3z5cmTPo18Sc5xUIPfRBpa/Bc9VyqtUqwMJGtTQ1fC+JJ9LFUL8UxXcvdVRcErxXNyd6oGEZzOoLFFQ==",
      "optional": true
    },
    "@bufbuild/buf-linux-x64": {
      "version": "1.15.0-1",
      "resolved": "https://registry.npmjs.org/@bufbuild/buf-linux-x64/-/buf-linux-x64-1.15.0-1.tgz",
      "integrity": "sha512-6QtcPOf6D3cXGAhMIhCkOlveLc19nXFCteUktuK73Ls8XDOLuhef4cEfb/Gh7RQCq6IyfFyzoEzb0cWybXnBbQ==",
      "optional": true
    },
    "@bufbuild/buf-win32-arm64": {
      "version": "1.15.0-1",
      "resolved": "https://registry.npmjs.org/@bufbuild/buf-win32-arm64/-/buf-win32-arm64-1.15.0-1.tgz",
      "integrity": "sha512-h356aHM1BvHKjxrs9GjeuDxljqJDNtv8NhzssR3kD4ZkRjZYpMhc8YzpnodY3W520W9/6Q7k7CuVd2vhib1Fyg==",
      "optional": true
    },
    "@bufbuild/buf-win32-x64": {
      "version": "1.15.0-1",
      "resolved": "https://registry.npmjs.org/@bufbuild/buf-win32-x64/-/buf-win32-x64-1.15.0-1.tgz",
      "integrity": "sha512-dc1dBFDTNF/3ulr7rejsX/lBb2eqAPZtHI3w6YUQaXTkhmQtNOe45QkaOYnj4UFj6sBVI53WeAisNf3Wg+SUFQ==",
      "optional": true
    },
    "@bufbuild/connect": {
      "version": "0.8.6",
      "resolved": "https://registry.npmjs.org/@bufbuild/connect/-/connect-0.8.6.tgz",
      "integrity": "sha512-z9gW4hcQxCz7w0kjt1JyMp7VEQQdm7CYiZHvNq4vZtMbKOje2DC8kSb62XStHHd3AdoDZq1cb1s11F5TMSwZYw==",
      "requires": {}
    },
    "@bufbuild/connect-node": {
      "version": "0.8.6",
      "resolved": "https://registry.npmjs.org/@bufbuild/connect-node/-/connect-node-0.8.6.tgz",
      "integrity": "sha512-KqdLnQG5cTw4rieQdo6aioojY47UjwauhIcDIeQc+6GaeGLsT7Ftc+GWMZgsnEc/Jl5V1/NxBYnE2wN4EJUnGg==",
      "requires": {
        "@bufbuild/connect": "0.8.6",
        "headers-polyfill": "^3.1.2"
      }
    },
    "@bufbuild/protobuf": {
      "version": "1.2.0",
      "resolved": "https://registry.npmjs.org/@bufbuild/protobuf/-/protobuf-1.2.0.tgz",
      "integrity": "sha512-MBVuQMOBHxgGnZ9XCUIi8WOy5O/T4ma3TduCRhRvndv3UDbG9cHgd8h6nOYSGyBYPEvXf1z9nTwhp8mVIDbq2g=="
    },
    "@bufbuild/protoc-gen-connect-es": {
      "version": "0.8.6",
      "resolved": "https://registry.npmjs.org/@bufbuild/protoc-gen-connect-es/-/protoc-gen-connect-es-0.8.6.tgz",
      "integrity": "sha512-AO4ixGlihKBWZvE9e/ZBBKmCeJGHK8FIMVBvwsr9NxTTvlTZN5oUk8mcR59DOE0YTHVpjgdtcz347HNmVvV6hQ==",
      "requires": {
        "@bufbuild/protobuf": "^1.2.0",
        "@bufbuild/protoplugin": "^1.2.0"
      }
    },
    "@bufbuild/protoc-gen-es": {
      "version": "1.2.0",
      "resolved": "https://registry.npmjs.org/@bufbuild/protoc-gen-es/-/protoc-gen-es-1.2.0.tgz",
      "integrity": "sha512-rdg2+Co4H+cImZ81EEzHLEi9bmzmMnS/bsf7XLHKtWYskj1PZVIalfquQejcSV6eWbdmVGKa29JwI5zEkSmkCQ==",
      "requires": {
        "@bufbuild/protoplugin": "1.2.0"
      }
    },
    "@bufbuild/protoplugin": {
      "version": "1.2.0",
      "resolved": "https://registry.npmjs.org/@bufbuild/protoplugin/-/protoplugin-1.2.0.tgz",
      "integrity": "sha512-TX0mEk+LdIbpK2xr5RqeUswR8jGZs6uCX6Cq8azADj8hhiUr7Xty8agEOU/zR+J71D4dV5SnyEPYyw0nGJ6dGQ==",
      "requires": {
        "@bufbuild/protobuf": "1.2.0",
        "@typescript/vfs": "^1.4.0",
        "typescript": "4.5.2"
      },
      "dependencies": {
        "typescript": {
          "version": "4.5.2",
          "resolved": "https://registry.npmjs.org/typescript/-/typescript-4.5.2.tgz",
          "integrity": "sha512-5BlMof9H1yGt0P8/WF+wPNw6GfctgGjXp5hkblpyT+8rkASSmkUKMXrxR0Xg8ThVCi/JnHQiKXeBaEwCeQwMFw=="
        }
      }
    },
    "@esbuild-kit/cjs-loader": {
      "version": "2.4.2",
      "resolved": "https://registry.npmjs.org/@esbuild-kit/cjs-loader/-/cjs-loader-2.4.2.tgz",
      "integrity": "sha512-BDXFbYOJzT/NBEtp71cvsrGPwGAMGRB/349rwKuoxNSiKjPraNNnlK6MIIabViCjqZugu6j+xeMDlEkWdHHJSg==",
      "requires": {
        "@esbuild-kit/core-utils": "^3.0.0",
        "get-tsconfig": "^4.4.0"
      }
    },
    "@esbuild-kit/core-utils": {
      "version": "3.1.0",
      "resolved": "https://registry.npmjs.org/@esbuild-kit/core-utils/-/core-utils-3.1.0.tgz",
      "integrity": "sha512-Uuk8RpCg/7fdHSceR1M6XbSZFSuMrxcePFuGgyvsBn+u339dk5OeL4jv2EojwTN2st/unJGsVm4qHWjWNmJ/tw==",
      "requires": {
        "esbuild": "~0.17.6",
        "source-map-support": "^0.5.21"
      }
    },
    "@esbuild-kit/esm-loader": {
      "version": "2.5.5",
      "resolved": "https://registry.npmjs.org/@esbuild-kit/esm-loader/-/esm-loader-2.5.5.tgz",
      "integrity": "sha512-Qwfvj/qoPbClxCRNuac1Du01r9gvNOT+pMYtJDapfB1eoGN1YlJ1BixLyL9WVENRx5RXgNLdfYdx/CuswlGhMw==",
      "requires": {
        "@esbuild-kit/core-utils": "^3.0.0",
        "get-tsconfig": "^4.4.0"
      }
    },
    "@esbuild/android-arm": {
      "version": "0.17.18",
      "resolved": "https://registry.npmjs.org/@esbuild/android-arm/-/android-arm-0.17.18.tgz",
      "integrity": "sha512-EmwL+vUBZJ7mhFCs5lA4ZimpUH3WMAoqvOIYhVQwdIgSpHC8ImHdsRyhHAVxpDYUSm0lWvd63z0XH1IlImS2Qw==",
      "optional": true
    },
    "@esbuild/android-arm64": {
      "version": "0.17.18",
      "resolved": "https://registry.npmjs.org/@esbuild/android-arm64/-/android-arm64-0.17.18.tgz",
      "integrity": "sha512-/iq0aK0eeHgSC3z55ucMAHO05OIqmQehiGay8eP5l/5l+iEr4EIbh4/MI8xD9qRFjqzgkc0JkX0LculNC9mXBw==",
      "optional": true
    },
    "@esbuild/android-x64": {
      "version": "0.17.18",
      "resolved": "https://registry.npmjs.org/@esbuild/android-x64/-/android-x64-0.17.18.tgz",
      "integrity": "sha512-x+0efYNBF3NPW2Xc5bFOSFW7tTXdAcpfEg2nXmxegm4mJuVeS+i109m/7HMiOQ6M12aVGGFlqJX3RhNdYM2lWg==",
      "optional": true
    },
    "@esbuild/darwin-arm64": {
      "version": "0.17.18",
      "resolved": "https://registry.npmjs.org/@esbuild/darwin-arm64/-/darwin-arm64-0.17.18.tgz",
      "integrity": "sha512-6tY+djEAdF48M1ONWnQb1C+6LiXrKjmqjzPNPWXhu/GzOHTHX2nh8Mo2ZAmBFg0kIodHhciEgUBtcYCAIjGbjQ==",
      "optional": true
    },
    "@esbuild/darwin-x64": {
      "version": "0.17.18",
      "resolved": "https://registry.npmjs.org/@esbuild/darwin-x64/-/darwin-x64-0.17.18.tgz",
      "integrity": "sha512-Qq84ykvLvya3dO49wVC9FFCNUfSrQJLbxhoQk/TE1r6MjHo3sFF2tlJCwMjhkBVq3/ahUisj7+EpRSz0/+8+9A==",
      "optional": true
    },
    "@esbuild/freebsd-arm64": {
      "version": "0.17.18",
      "resolved": "https://registry.npmjs.org/@esbuild/freebsd-arm64/-/freebsd-arm64-0.17.18.tgz",
      "integrity": "sha512-fw/ZfxfAzuHfaQeMDhbzxp9mc+mHn1Y94VDHFHjGvt2Uxl10mT4CDavHm+/L9KG441t1QdABqkVYwakMUeyLRA==",
      "optional": true
    },
    "@esbuild/freebsd-x64": {
      "version": "0.17.18",
      "resolved": "https://registry.npmjs.org/@esbuild/freebsd-x64/-/freebsd-x64-0.17.18.tgz",
      "integrity": "sha512-FQFbRtTaEi8ZBi/A6kxOC0V0E9B/97vPdYjY9NdawyLd4Qk5VD5g2pbWN2VR1c0xhzcJm74HWpObPszWC+qTew==",
      "optional": true
    },
    "@esbuild/linux-arm": {
      "version": "0.17.18",
      "resolved": "https://registry.npmjs.org/@esbuild/linux-arm/-/linux-arm-0.17.18.tgz",
      "integrity": "sha512-jW+UCM40LzHcouIaqv3e/oRs0JM76JfhHjCavPxMUti7VAPh8CaGSlS7cmyrdpzSk7A+8f0hiedHqr/LMnfijg==",
      "optional": true
    },
    "@esbuild/linux-arm64": {
      "version": "0.17.18",
      "resolved": "https://registry.npmjs.org/@esbuild/linux-arm64/-/linux-arm64-0.17.18.tgz",
      "integrity": "sha512-R7pZvQZFOY2sxUG8P6A21eq6q+eBv7JPQYIybHVf1XkQYC+lT7nDBdC7wWKTrbvMXKRaGudp/dzZCwL/863mZQ==",
      "optional": true
    },
    "@esbuild/linux-ia32": {
      "version": "0.17.18",
      "resolved": "https://registry.npmjs.org/@esbuild/linux-ia32/-/linux-ia32-0.17.18.tgz",
      "integrity": "sha512-ygIMc3I7wxgXIxk6j3V00VlABIjq260i967Cp9BNAk5pOOpIXmd1RFQJQX9Io7KRsthDrQYrtcx7QCof4o3ZoQ==",
      "optional": true
    },
    "@esbuild/linux-loong64": {
      "version": "0.17.18",
      "resolved": "https://registry.npmjs.org/@esbuild/linux-loong64/-/linux-loong64-0.17.18.tgz",
      "integrity": "sha512-bvPG+MyFs5ZlwYclCG1D744oHk1Pv7j8psF5TfYx7otCVmcJsEXgFEhQkbhNW8otDHL1a2KDINW20cfCgnzgMQ==",
      "optional": true
    },
    "@esbuild/linux-mips64el": {
      "version": "0.17.18",
      "resolved": "https://registry.npmjs.org/@esbuild/linux-mips64el/-/linux-mips64el-0.17.18.tgz",
      "integrity": "sha512-oVqckATOAGuiUOa6wr8TXaVPSa+6IwVJrGidmNZS1cZVx0HqkTMkqFGD2HIx9H1RvOwFeWYdaYbdY6B89KUMxA==",
      "optional": true
    },
    "@esbuild/linux-ppc64": {
      "version": "0.17.18",
      "resolved": "https://registry.npmjs.org/@esbuild/linux-ppc64/-/linux-ppc64-0.17.18.tgz",
      "integrity": "sha512-3dLlQO+b/LnQNxgH4l9rqa2/IwRJVN9u/bK63FhOPB4xqiRqlQAU0qDU3JJuf0BmaH0yytTBdoSBHrb2jqc5qQ==",
      "optional": true
    },
    "@esbuild/linux-riscv64": {
      "version": "0.17.18",
      "resolved": "https://registry.npmjs.org/@esbuild/linux-riscv64/-/linux-riscv64-0.17.18.tgz",
      "integrity": "sha512-/x7leOyDPjZV3TcsdfrSI107zItVnsX1q2nho7hbbQoKnmoeUWjs+08rKKt4AUXju7+3aRZSsKrJtaRmsdL1xA==",
      "optional": true
    },
    "@esbuild/linux-s390x": {
      "version": "0.17.18",
      "resolved": "https://registry.npmjs.org/@esbuild/linux-s390x/-/linux-s390x-0.17.18.tgz",
      "integrity": "sha512-cX0I8Q9xQkL/6F5zWdYmVf5JSQt+ZfZD2bJudZrWD+4mnUvoZ3TDDXtDX2mUaq6upMFv9FlfIh4Gfun0tbGzuw==",
      "optional": true
    },
    "@esbuild/linux-x64": {
      "version": "0.17.18",
      "resolved": "https://registry.npmjs.org/@esbuild/linux-x64/-/linux-x64-0.17.18.tgz",
      "integrity": "sha512-66RmRsPlYy4jFl0vG80GcNRdirx4nVWAzJmXkevgphP1qf4dsLQCpSKGM3DUQCojwU1hnepI63gNZdrr02wHUA==",
      "optional": true
    },
    "@esbuild/netbsd-x64": {
      "version": "0.17.18",
      "resolved": "https://registry.npmjs.org/@esbuild/netbsd-x64/-/netbsd-x64-0.17.18.tgz",
      "integrity": "sha512-95IRY7mI2yrkLlTLb1gpDxdC5WLC5mZDi+kA9dmM5XAGxCME0F8i4bYH4jZreaJ6lIZ0B8hTrweqG1fUyW7jbg==",
      "optional": true
    },
    "@esbuild/openbsd-x64": {
      "version": "0.17.18",
      "resolved": "https://registry.npmjs.org/@esbuild/openbsd-x64/-/openbsd-x64-0.17.18.tgz",
      "integrity": "sha512-WevVOgcng+8hSZ4Q3BKL3n1xTv5H6Nb53cBrtzzEjDbbnOmucEVcZeGCsCOi9bAOcDYEeBZbD2SJNBxlfP3qiA==",
      "optional": true
    },
    "@esbuild/sunos-x64": {
      "version": "0.17.18",
      "resolved": "https://registry.npmjs.org/@esbuild/sunos-x64/-/sunos-x64-0.17.18.tgz",
      "integrity": "sha512-Rzf4QfQagnwhQXVBS3BYUlxmEbcV7MY+BH5vfDZekU5eYpcffHSyjU8T0xucKVuOcdCsMo+Ur5wmgQJH2GfNrg==",
      "optional": true
    },
    "@esbuild/win32-arm64": {
      "version": "0.17.18",
      "resolved": "https://registry.npmjs.org/@esbuild/win32-arm64/-/win32-arm64-0.17.18.tgz",
      "integrity": "sha512-Kb3Ko/KKaWhjeAm2YoT/cNZaHaD1Yk/pa3FTsmqo9uFh1D1Rfco7BBLIPdDOozrObj2sahslFuAQGvWbgWldAg==",
      "optional": true
    },
    "@esbuild/win32-ia32": {
      "version": "0.17.18",
      "resolved": "https://registry.npmjs.org/@esbuild/win32-ia32/-/win32-ia32-0.17.18.tgz",
      "integrity": "sha512-0/xUMIdkVHwkvxfbd5+lfG7mHOf2FRrxNbPiKWg9C4fFrB8H0guClmaM3BFiRUYrznVoyxTIyC/Ou2B7QQSwmw==",
      "optional": true
    },
    "@esbuild/win32-x64": {
      "version": "0.17.18",
      "resolved": "https://registry.npmjs.org/@esbuild/win32-x64/-/win32-x64-0.17.18.tgz",
      "integrity": "sha512-qU25Ma1I3NqTSHJUOKi9sAH1/Mzuvlke0ioMJRthLXKm7JiSKVwFghlGbDLOO2sARECGhja4xYfRAZNPAkooYg==",
      "optional": true
    },
    "@types/node": {
      "version": "18.16.0",
      "resolved": "https://registry.npmjs.org/@types/node/-/node-18.16.0.tgz",
      "integrity": "sha512-BsAaKhB+7X+H4GnSjGhJG9Qi8Tw+inU9nJDwmD5CgOmBLEI6ArdhikpLX7DjbjDRDTbqZzU2LSQNZg8WGPiSZQ==",
      "dev": true
    },
    "@typescript/vfs": {
      "version": "1.4.0",
      "resolved": "https://registry.npmjs.org/@typescript/vfs/-/vfs-1.4.0.tgz",
      "integrity": "sha512-Pood7yv5YWMIX+yCHo176OnF8WUlKGImFG7XlsuH14Zb1YN5+dYD3uUtS7lqZtsH7tAveNUi2NzdpQCN0yRbaw==",
      "requires": {
        "debug": "^4.1.1"
      }
    },
    "buffer-from": {
      "version": "1.1.2",
      "resolved": "https://registry.npmjs.org/buffer-from/-/buffer-from-1.1.2.tgz",
      "integrity": "sha512-E+XQCRwSbaaiChtv6k6Dwgc+bx+Bs6vuKJHHl5kox/BaKbhiXzqQOwK4cO22yElGp2OCmjwVhT3HmxgyPGnJfQ=="
    },
    "debug": {
      "version": "4.3.4",
      "resolved": "https://registry.npmjs.org/debug/-/debug-4.3.4.tgz",
      "integrity": "sha512-PRWFHuSU3eDtQJPvnNY7Jcket1j0t5OuOsFzPPzsekD52Zl8qUfFIPEiswXqIvHWGVHOgX+7G/vCNNhehwxfkQ==",
      "requires": {
        "ms": "2.1.2"
      }
    },
    "esbuild": {
      "version": "0.17.18",
      "resolved": "https://registry.npmjs.org/esbuild/-/esbuild-0.17.18.tgz",
      "integrity": "sha512-z1lix43jBs6UKjcZVKOw2xx69ffE2aG0PygLL5qJ9OS/gy0Ewd1gW/PUQIOIQGXBHWNywSc0floSKoMFF8aK2w==",
      "requires": {
        "@esbuild/android-arm": "0.17.18",
        "@esbuild/android-arm64": "0.17.18",
        "@esbuild/android-x64": "0.17.18",
        "@esbuild/darwin-arm64": "0.17.18",
        "@esbuild/darwin-x64": "0.17.18",
        "@esbuild/freebsd-arm64": "0.17.18",
        "@esbuild/freebsd-x64": "0.17.18",
        "@esbuild/linux-arm": "0.17.18",
        "@esbuild/linux-arm64": "0.17.18",
        "@esbuild/linux-ia32": "0.17.18",
        "@esbuild/linux-loong64": "0.17.18",
        "@esbuild/linux-mips64el": "0.17.18",
        "@esbuild/linux-ppc64": "0.17.18",
        "@esbuild/linux-riscv64": "0.17.18",
        "@esbuild/linux-s390x": "0.17.18",
        "@esbuild/linux-x64": "0.17.18",
        "@esbuild/netbsd-x64": "0.17.18",
        "@esbuild/openbsd-x64": "0.17.18",
        "@esbuild/sunos-x64": "0.17.18",
        "@esbuild/win32-arm64": "0.17.18",
        "@esbuild/win32-ia32": "0.17.18",
        "@esbuild/win32-x64": "0.17.18"
      }
    },
    "fsevents": {
      "version": "2.3.2",
      "resolved": "https://registry.npmjs.org/fsevents/-/fsevents-2.3.2.tgz",
      "integrity": "sha512-xiqMQR4xAeHTuB9uWm+fFRcIOgKBMiOBP+eXiyT7jsgVCq1bkVygt00oASowB7EdtpOHaaPgKt812P9ab+DDKA==",
      "optional": true
    },
    "get-tsconfig": {
      "version": "4.5.0",
      "resolved": "https://registry.npmjs.org/get-tsconfig/-/get-tsconfig-4.5.0.tgz",
      "integrity": "sha512-MjhiaIWCJ1sAU4pIQ5i5OfOuHHxVo1oYeNsWTON7jxYkod8pHocXeh+SSbmu5OZZZK73B6cbJ2XADzXehLyovQ=="
    },
    "headers-polyfill": {
      "version": "3.1.2",
      "resolved": "https://registry.npmjs.org/headers-polyfill/-/headers-polyfill-3.1.2.tgz",
      "integrity": "sha512-tWCK4biJ6hcLqTviLXVR9DTRfYGQMXEIUj3gwJ2rZ5wO/at3XtkI4g8mCvFdUF9l1KMBNCfmNAdnahm1cgavQA=="
    },
    "ms": {
      "version": "2.1.2",
      "resolved": "https://registry.npmjs.org/ms/-/ms-2.1.2.tgz",
      "integrity": "sha512-sGkPx+VjMtmA6MX27oA4FBFELFCZZ4S4XqeGOXCv68tT+jb3vk/RyaKWP0PTKyWtmLSM0b+adUTEvbs1PEaH2w=="
    },
    "source-map": {
      "version": "0.6.1",
      "resolved": "https://registry.npmjs.org/source-map/-/source-map-0.6.1.tgz",
      "integrity": "sha512-UjgapumWlbMhkBgzT7Ykc5YXUT46F0iKu8SGXq0bcwP5dz/h0Plj6enJqjz1Zbq2l5WaqYnrVbwWOWMyF3F47g=="
    },
    "source-map-support": {
      "version": "0.5.21",
      "resolved": "https://registry.npmjs.org/source-map-support/-/source-map-support-0.5.21.tgz",
      "integrity": "sha512-uBHU3L3czsIyYXKX88fdrGovxdSCoTGDRZ6SYXtSRxLZUzHg5P/66Ht6uoUlHu9EZod+inXhKo3qQgwXUT/y1w==",
      "requires": {
        "buffer-from": "^1.0.0",
        "source-map": "^0.6.0"
      }
    },
    "tsx": {
      "version": "3.12.6",
      "resolved": "https://registry.npmjs.org/tsx/-/tsx-3.12.6.tgz",
      "integrity": "sha512-q93WgS3lBdHlPgS0h1i+87Pt6n9K/qULIMNYZo07nSeu2z5QE2CellcAZfofVXBo2tQg9av2ZcRMQ2S2i5oadQ==",
      "requires": {
        "@esbuild-kit/cjs-loader": "^2.4.2",
        "@esbuild-kit/core-utils": "^3.0.0",
        "@esbuild-kit/esm-loader": "^2.5.5",
        "fsevents": "~2.3.2"
      }
    },
    "typescript": {
      "version": "5.0.4",
      "resolved": "https://registry.npmjs.org/typescript/-/typescript-5.0.4.tgz",
      "integrity": "sha512-cW9T5W9xY37cc+jfEnaUvX91foxtHkza3Nw3wkoF4sSlKn0MONdkdEndig/qPBWXNkmplh3NzayQzCiHM4/hqw=="
    }
  }
}
